<?xml version="1.0" encoding="utf-8"?>
<Project ToolsVersion="4.0" xmlns="http://schemas.microsoft.com/developer/msbuild/2003">
  <ItemGroup>
    <Filter Include="Source Files">
      <UniqueIdentifier>{4FC737F1-C7A5-4376-A066-2A32D752A2FF}</UniqueIdentifier>
      <Extensions>cpp;c;cc;cxx;c++;cppm;ixx;def;odl;idl;hpj;bat;asm;asmx</Extensions>
    </Filter>
    <Filter Include="Header Files">
      <UniqueIdentifier>{93995380-89BD-4b04-88EB-625FBE52EBFB}</UniqueIdentifier>
      <Extensions>h;hh;hpp;hxx;h++;hm;inl;inc;ipp;xsd</Extensions>
    </Filter>
    <Filter Include="Resource Files">
      <UniqueIdentifier>{67DA6AB6-F800-4c08-8B7A-83BB121AAD01}</UniqueIdentifier>
      <Extensions>rc;ico;cur;bmp;dlg;rc2;rct;bin;rgs;gif;jpg;jpeg;jpe;resx;tiff;tif;png;wav;mfcribbon-ms</Extensions>
    </Filter>
    <Filter Include="Data Files">
      <UniqueIdentifier>{c45d922f-41c4-46d3-afb6-25fa0b1cd005}</UniqueIdentifier>
    </Filter>
  </ItemGroup>
  <ItemGroup>
    <ClCompile Include="netpbm_bitmap_decoder_test.cpp">
      <Filter>Source Files</Filter>
    </ClCompile>
    <ClCompile Include="test.errors.ixx">
      <Filter>Source Files</Filter>
    </ClCompile>
    <ClCompile Include="dll_main_test.cpp">
      <Filter>Source Files</Filter>
    </ClCompile>
    <ClCompile Include="netpbm_bitmap_frame_decode_test.cpp">
      <Filter>Source Files</Filter>
    </ClCompile>
    <ClCompile Include="test_stream.ixx">
      <Filter>Source Files</Filter>
    </ClCompile>
    <ClCompile Include="portable_anymap_file.ixx">
      <Filter>Source Files</Filter>
    </ClCompile>
    <ClCompile Include="pnm_header_test.cpp">
      <Filter>Source Files</Filter>
    </ClCompile>
    <ClCompile Include="test_util.ixx">
      <Filter>Source Files</Filter>
    </ClCompile>
    <ClCompile Include="factory.ixx">
      <Filter>Source Files</Filter>
    </ClCompile>
  </ItemGroup>
  <ItemGroup>
    <ClInclude Include="util.h">
      <Filter>Header Files</Filter>
    </ClInclude>
    <ClInclude Include="winrt.h">
      <Filter>Header Files</Filter>
    </ClInclude>
    <ClInclude Include="cpp_unit_test.h">
      <Filter>Header Files</Filter>
    </ClInclude>
  </ItemGroup>
  <ItemGroup>
    <CopyFileToFolders Include="data-files\4bit-monochrome.pgm">
      <Filter>Data Files</Filter>
    </CopyFileToFolders>
    <CopyFileToFolders Include="data-files\tulips-gray-8bit-512-512.pgm">
      <Filter>Data Files</Filter>
    </CopyFileToFolders>
    <CopyFileToFolders Include="data-files\640_480_16bit.pgm">
      <Filter>Data Files</Filter>
    </CopyFileToFolders>
    <CopyFileToFolders Include="data-files\medical-m612-12bit.pgm">
      <Filter>Data Files</Filter>
    </CopyFileToFolders>
    <CopyFileToFolders Include="data-files\medical-10bit.pgm">
      <Filter>Data Files</Filter>
    </CopyFileToFolders>
    <CopyFileToFolders Include="data-files\2bit_4x1.pgm">
      <Filter>Data Files</Filter>
    </CopyFileToFolders>
    <CopyFileToFolders Include="data-files\2bit_5x1.pgm">
      <Filter>Data Files</Filter>
    </CopyFileToFolders>
    <CopyFileToFolders Include="data-files\2bit_6x1.pgm">
      <Filter>Data Files</Filter>
    </CopyFileToFolders>
    <CopyFileToFolders Include="data-files\2bit_7x1.pgm">
      <Filter>Data Files</Filter>
    </CopyFileToFolders>
    <CopyFileToFolders Include="data-files\2bit_parrot_150x200.pgm">
      <Filter>Data Files</Filter>
    </CopyFileToFolders>
    <CopyFileToFolders Include="data-files\8bit_2x2.pgm">
      <Filter>Data Files</Filter>
    </CopyFileToFolders>
    <CopyFileToFolders Include="data-files\4bit_4x1.pgm">
      <Filter>Data Files</Filter>
    </CopyFileToFolders>
    <CopyFileToFolders Include="data-files\4bit_5x1.pgm">
      <Filter>Data Files</Filter>
    </CopyFileToFolders>
  </ItemGroup>
  <ItemGroup>
    <None Include="packages.config" />
  </ItemGroup>
</Project>