
Microsoft Visual Studio Solution File, Format Version 12.00
# Visual Studio Version 17
VisualStudioVersion = 17.1.31911.260
MinimumVisualStudioVersion = 10.0.40219.1
Project("{8BC9CEB8-8B4A-11D0-8D11-00A0C91BC942}") = "netpbm-wic-codec", "src\netpbm-wic-codec.vcxproj", "{C50CD24B-6A16-4A25-98E8-3D958449C411}"
EndProject
Project("{8BC9CEB8-8B4A-11D0-8D11-00A0C91BC942}") = "test", "test\test.vcxproj", "{F2EA965E-98D3-41C6-90D1-3DE4837D1041}"
EndProject
Project("{2150E333-8FDC-42A3-9474-1A3956D46DE8}") = "Solution Items", "Solution Items", "{7658D623-9874-4B13-90FA-ECFE1C63C2F2}"
	ProjectSection(SolutionItems) = preProject
		.editorconfig = .editorconfig
		cpp.hint = cpp.hint
		default.ruleset = default.ruleset
		default.ruleset.md = default.ruleset.md
		Directory.Build.props = Directory.Build.props
		LICENSE.md = LICENSE.md
		README.md = README.md
	EndProjectSection
EndProject
Project("{8BC9CEB8-8B4A-11D0-8D11-00A0C91BC942}") = "std-header-units", "std-header-units\std-header-units.vcxproj", "{DB8D6FC8-6F7B-446F-892A-0BA6C779E5F2}"
EndProject
Project("{B7DD6F7E-DEF8-4E67-B5B7-07EF123DB6F0}") = "bootstrapper", "setup\bootstrapper\bootstrapper.wixproj", "{53E56BDE-5FC1-4C10-985E-609A34483B6A}"
EndProject
Project("{B7DD6F7E-DEF8-4E67-B5B7-07EF123DB6F0}") = "installer", "setup\installer\installer.wixproj", "{8A21B212-8135-4499-9E5D-A2B47E88E983}"
EndProject
Global
	GlobalSection(SolutionConfigurationPlatforms) = preSolution
		Debug|ARM64 = Debug|ARM64
		Debug|x64 = Debug|x64
		Debug|x86 = Debug|x86
		Release|ARM64 = Release|ARM64
		Release|x64 = Release|x64
		Release|x86 = Release|x86
	EndGlobalSection
	GlobalSection(ProjectConfigurationPlatforms) = postSolution
		{C50CD24B-6A16-4A25-98E8-3D958449C411}.Debug|ARM64.ActiveCfg = Debug|ARM64
		{C50CD24B-6A16-4A25-98E8-3D958449C411}.Debug|ARM64.Build.0 = Debug|ARM64
		{C50CD24B-6A16-4A25-98E8-3D958449C411}.Debug|x64.ActiveCfg = Debug|x64
		{C50CD24B-6A16-4A25-98E8-3D958449C411}.Debug|x64.Build.0 = Debug|x64
		{C50CD24B-6A16-4A25-98E8-3D958449C411}.Debug|x86.ActiveCfg = Debug|Win32
		{C50CD24B-6A16-4A25-98E8-3D958449C411}.Debug|x86.Build.0 = Debug|Win32
		{C50CD24B-6A16-4A25-98E8-3D958449C411}.Release|ARM64.ActiveCfg = Release|ARM64
		{C50CD24B-6A16-4A25-98E8-3D958449C411}.Release|ARM64.Build.0 = Release|ARM64
		{C50CD24B-6A16-4A25-98E8-3D958449C411}.Release|x64.ActiveCfg = Release|x64
		{C50CD24B-6A16-4A25-98E8-3D958449C411}.Release|x64.Build.0 = Release|x64
		{C50CD24B-6A16-4A25-98E8-3D958449C411}.Release|x86.ActiveCfg = Release|Win32
		{C50CD24B-6A16-4A25-98E8-3D958449C411}.Release|x86.Build.0 = Release|Win32
		{F2EA965E-98D3-41C6-90D1-3DE4837D1041}.Debug|ARM64.ActiveCfg = Debug|ARM64
		{F2EA965E-98D3-41C6-90D1-3DE4837D1041}.Debug|ARM64.Build.0 = Debug|ARM64
		{F2EA965E-98D3-41C6-90D1-3DE4837D1041}.Debug|x64.ActiveCfg = Debug|x64
		{F2EA965E-98D3-41C6-90D1-3DE4837D1041}.Debug|x64.Build.0 = Debug|x64
		{F2EA965E-98D3-41C6-90D1-3DE4837D1041}.Debug|x86.ActiveCfg = Debug|Win32
		{F2EA965E-98D3-41C6-90D1-3DE4837D1041}.Debug|x86.Build.0 = Debug|Win32
		{F2EA965E-98D3-41C6-90D1-3DE4837D1041}.Release|ARM64.ActiveCfg = Release|ARM64
		{F2EA965E-98D3-41C6-90D1-3DE4837D1041}.Release|ARM64.Build.0 = Release|ARM64
		{F2EA965E-98D3-41C6-90D1-3DE4837D1041}.Release|x64.ActiveCfg = Release|x64
		{F2EA965E-98D3-41C6-90D1-3DE4837D1041}.Release|x64.Build.0 = Release|x64
		{F2EA965E-98D3-41C6-90D1-3DE4837D1041}.Release|x86.ActiveCfg = Release|Win32
		{F2EA965E-98D3-41C6-90D1-3DE4837D1041}.Release|x86.Build.0 = Release|Win32
		{DB8D6FC8-6F7B-446F-892A-0BA6C779E5F2}.Debug|ARM64.ActiveCfg = Debug|ARM64
		{DB8D6FC8-6F7B-446F-892A-0BA6C779E5F2}.Debug|ARM64.Build.0 = Debug|ARM64
		{DB8D6FC8-6F7B-446F-892A-0BA6C779E5F2}.Debug|x64.ActiveCfg = Debug|x64
		{DB8D6FC8-6F7B-446F-892A-0BA6C779E5F2}.Debug|x64.Build.0 = Debug|x64
		{DB8D6FC8-6F7B-446F-892A-0BA6C779E5F2}.Debug|x86.ActiveCfg = Debug|Win32
		{DB8D6FC8-6F7B-446F-892A-0BA6C779E5F2}.Debug|x86.Build.0 = Debug|Win32
		{DB8D6FC8-6F7B-446F-892A-0BA6C779E5F2}.Release|ARM64.ActiveCfg = Release|ARM64
		{DB8D6FC8-6F7B-446F-892A-0BA6C779E5F2}.Release|ARM64.Build.0 = Release|ARM64
		{DB8D6FC8-6F7B-446F-892A-0BA6C779E5F2}.Release|x64.ActiveCfg = Release|x64
		{DB8D6FC8-6F7B-446F-892A-0BA6C779E5F2}.Release|x64.Build.0 = Release|x64
		{DB8D6FC8-6F7B-446F-892A-0BA6C779E5F2}.Release|x86.ActiveCfg = Release|Win32
		{DB8D6FC8-6F7B-446F-892A-0BA6C779E5F2}.Release|x86.Build.0 = Release|Win32
		{53E56BDE-5FC1-4C10-985E-609A34483B6A}.Debug|ARM64.ActiveCfg = Debug|ARM64
		{53E56BDE-5FC1-4C10-985E-609A34483B6A}.Debug|ARM64.Build.0 = Debug|ARM64
		{53E56BDE-5FC1-4C10-985E-609A34483B6A}.Debug|x64.ActiveCfg = Debug|x64
		{53E56BDE-5FC1-4C10-985E-609A34483B6A}.Debug|x64.Build.0 = Debug|x64
		{53E56BDE-5FC1-4C10-985E-609A34483B6A}.Debug|x86.ActiveCfg = Debug|x86
		{53E56BDE-5FC1-4C10-985E-609A34483B6A}.Debug|x86.Build.0 = Debug|x86
		{53E56BDE-5FC1-4C10-985E-609A34483B6A}.Release|ARM64.ActiveCfg = Release|ARM64
		{53E56BDE-5FC1-4C10-985E-609A34483B6A}.Release|ARM64.Build.0 = Release|ARM64
		{53E56BDE-5FC1-4C10-985E-609A34483B6A}.Release|x64.ActiveCfg = Release|x64
		{53E56BDE-5FC1-4C10-985E-609A34483B6A}.Release|x64.Build.0 = Release|x64
		{53E56BDE-5FC1-4C10-985E-609A34483B6A}.Release|x86.ActiveCfg = Release|x86
		{53E56BDE-5FC1-4C10-985E-609A34483B6A}.Release|x86.Build.0 = Release|x86
		{8A21B212-8135-4499-9E5D-A2B47E88E983}.Debug|ARM64.ActiveCfg = Debug|ARM64
		{8A21B212-8135-4499-9E5D-A2B47E88E983}.Debug|ARM64.Build.0 = Debug|ARM64
		{8A21B212-8135-4499-9E5D-A2B47E88E983}.Debug|x64.ActiveCfg = Debug|x64
		{8A21B212-8135-4499-9E5D-A2B47E88E983}.Debug|x64.Build.0 = Debug|x64
		{8A21B212-8135-4499-9E5D-A2B47E88E983}.Debug|x86.ActiveCfg = Debug|x86
		{8A21B212-8135-4499-9E5D-A2B47E88E983}.Debug|x86.Build.0 = Debug|x86
		{8A21B212-8135-4499-9E5D-A2B47E88E983}.Release|ARM64.ActiveCfg = Release|ARM64
		{8A21B212-8135-4499-9E5D-A2B47E88E983}.Release|ARM64.Build.0 = Release|ARM64
		{8A21B212-8135-4499-9E5D-A2B47E88E983}.Release|x64.ActiveCfg = Release|x64
		{8A21B212-8135-4499-9E5D-A2B47E88E983}.Release|x64.Build.0 = Release|x64
		{8A21B212-8135-4499-9E5D-A2B47E88E983}.Release|x86.ActiveCfg = Release|x86
		{8A21B212-8135-4499-9E5D-A2B47E88E983}.Release|x86.Build.0 = Release|x86
	EndGlobalSection
	GlobalSection(SolutionProperties) = preSolution
		HideSolutionNode = FALSE
	EndGlobalSection
	GlobalSection(ExtensibilityGlobals) = postSolution
		SolutionGuid = {2DFA45DC-6757-4F8A-9967-A107D09984B9}
	EndGlobalSection
EndGlobal
